{"format_version":"1.2","terraform_version":"1.5.1","planned_values":{"root_module":{"resources":[{"address":"aws_autoscaling_group.my_asg","mode":"managed","type":"aws_autoscaling_group","name":"my_asg","provider_name":"registry.terraform.io/hashicorp/aws","schema_version":0,"values":{"availability_zones":["us-west-1a"],"capacity_rebalance":null,"context":null,"default_instance_warmup":null,"desired_capacity":4,"desired_capacity_type":null,"enabled_metrics":null,"force_delete":true,"force_delete_warm_pool":false,"health_check_grace_period":300,"health_check_type":"ELB","initial_lifecycle_hook":[],"instance_refresh":[],"launch_configuration":"my_web_config","launch_template":[],"max_instance_lifetime":null,"max_size":5,"metrics_granularity":"1Minute","min_elb_capacity":null,"min_size":1,"mixed_instances_policy":[],"name":"my_asg","placement_group":null,"protect_from_scale_in":false,"suspended_processes":null,"tag":[],"termination_policies":null,"timeouts":null,"wait_for_capacity_timeout":"10m","wait_for_elb_capacity":null,"warm_pool":[]},"sensitive_values":{"availability_zones":[false],"initial_lifecycle_hook":[],"instance_refresh":[],"launch_template":[],"load_balancers":[],"mixed_instances_policy":[],"tag":[],"target_group_arns":[],"traffic_source":[],"vpc_zone_identifier":[],"warm_pool":[]}},{"address":"aws_instance.web","mode":"managed","type":"aws_instance","name":"web","provider_name":"registry.terraform.io/hashicorp/aws","schema_version":1,"values":{"ami":"ami-09b4b74c","credit_specification":[],"get_password_data":false,"hibernation":null,"instance_type":"t2.micro","launch_template":[],"source_dest_check":true,"tags":null,"timeouts":null,"user_data_replace_on_change":false,"volume_tags":null},"sensitive_values":{"capacity_reservation_specification":[],"cpu_options":[],"credit_specification":[],"ebs_block_device":[],"enclave_options":[],"ephemeral_block_device":[],"instance_market_options":[],"ipv6_addresses":[],"launch_template":[],"maintenance_options":[],"metadata_options":[],"network_interface":[],"private_dns_name_options":[],"root_block_device":[],"secondary_private_ips":[],"security_groups":[],"tags_all":{},"vpc_security_group_ids":[]}},{"address":"aws_launch_configuration.my_web_config","mode":"managed","type":"aws_launch_configuration","name":"my_web_config","provider_name":"registry.terraform.io/hashicorp/aws","schema_version":0,"values":{"enable_monitoring":true,"ephemeral_block_device":[],"iam_instance_profile":null,"image_id":"ami-09b4b74c","instance_type":"t2.micro","name":"my_web_config","placement_tenancy":null,"security_groups":null,"spot_price":null,"user_data":null,"user_data_base64":null},"sensitive_values":{"ebs_block_device":[],"ephemeral_block_device":[],"metadata_options":[],"root_block_device":[]}}]}},"resource_changes":[{"address":"aws_autoscaling_group.my_asg","mode":"managed","type":"aws_autoscaling_group","name":"my_asg","provider_name":"registry.terraform.io/hashicorp/aws","change":{"actions":["create"],"before":null,"after":{"availability_zones":["us-west-1a"],"capacity_rebalance":null,"context":null,"default_instance_warmup":null,"desired_capacity":4,"desired_capacity_type":null,"enabled_metrics":null,"force_delete":true,"force_delete_warm_pool":false,"health_check_grace_period":300,"health_check_type":"ELB","initial_lifecycle_hook":[],"instance_refresh":[],"launch_configuration":"my_web_config","launch_template":[],"max_instance_lifetime":null,"max_size":5,"metrics_granularity":"1Minute","min_elb_capacity":null,"min_size":1,"mixed_instances_policy":[],"name":"my_asg","placement_group":null,"protect_from_scale_in":false,"suspended_processes":null,"tag":[],"termination_policies":null,"timeouts":null,"wait_for_capacity_timeout":"10m","wait_for_elb_capacity":null,"warm_pool":[]},"after_unknown":{"arn":true,"availability_zones":[false],"default_cooldown":true,"id":true,"initial_lifecycle_hook":[],"instance_refresh":[],"launch_template":[],"load_balancers":true,"mixed_instances_policy":[],"name_prefix":true,"predicted_capacity":true,"service_linked_role_arn":true,"tag":[],"target_group_arns":true,"traffic_source":true,"vpc_zone_identifier":true,"warm_pool":[],"warm_pool_size":true},"before_sensitive":false,"after_sensitive":{"availability_zones":[false],"initial_lifecycle_hook":[],"instance_refresh":[],"launch_template":[],"load_balancers":[],"mixed_instances_policy":[],"tag":[],"target_group_arns":[],"traffic_source":[],"vpc_zone_identifier":[],"warm_pool":[]}}},{"address":"aws_instance.web","mode":"managed","type":"aws_instance","name":"web","provider_name":"registry.terraform.io/hashicorp/aws","change":{"actions":["create"],"before":null,"after":{"ami":"ami-09b4b74c","credit_specification":[],"get_password_data":false,"hibernation":null,"instance_type":"t2.micro","launch_template":[],"source_dest_check":true,"tags":null,"timeouts":null,"user_data_replace_on_change":false,"volume_tags":null},"after_unknown":{"arn":true,"associate_public_ip_address":true,"availability_zone":true,"capacity_reservation_specification":true,"cpu_core_count":true,"cpu_options":true,"cpu_threads_per_core":true,"credit_specification":[],"disable_api_stop":true,"disable_api_termination":true,"ebs_block_device":true,"ebs_optimized":true,"enclave_options":true,"ephemeral_block_device":true,"host_id":true,"host_resource_group_arn":true,"iam_instance_profile":true,"id":true,"instance_initiated_shutdown_behavior":true,"instance_lifecycle":true,"instance_market_options":true,"instance_state":true,"ipv6_address_count":true,"ipv6_addresses":true,"key_name":true,"launch_template":[],"maintenance_options":true,"metadata_options":true,"monitoring":true,"network_interface":true,"outpost_arn":true,"password_data":true,"placement_group":true,"placement_partition_number":true,"primary_network_interface_id":true,"private_dns":true,"private_dns_name_options":true,"private_ip":true,"public_dns":true,"public_ip":true,"root_block_device":true,"secondary_private_ips":true,"security_groups":true,"spot_instance_request_id":true,"subnet_id":true,"tags_all":true,"tenancy":true,"user_data":true,"user_data_base64":true,"vpc_security_group_ids":true},"before_sensitive":false,"after_sensitive":{"capacity_reservation_specification":[],"cpu_options":[],"credit_specification":[],"ebs_block_device":[],"enclave_options":[],"ephemeral_block_device":[],"instance_market_options":[],"ipv6_addresses":[],"launch_template":[],"maintenance_options":[],"metadata_options":[],"network_interface":[],"private_dns_name_options":[],"root_block_device":[],"secondary_private_ips":[],"security_groups":[],"tags_all":{},"vpc_security_group_ids":[]}}},{"address":"aws_launch_configuration.my_web_config","mode":"managed","type":"aws_launch_configuration","name":"my_web_config","provider_name":"registry.terraform.io/hashicorp/aws","change":{"actions":["create"],"before":null,"after":{"enable_monitoring":true,"ephemeral_block_device":[],"iam_instance_profile":null,"image_id":"ami-09b4b74c","instance_type":"t2.micro","name":"my_web_config","placement_tenancy":null,"security_groups":null,"spot_price":null,"user_data":null,"user_data_base64":null},"after_unknown":{"arn":true,"associate_public_ip_address":true,"ebs_block_device":true,"ebs_optimized":true,"ephemeral_block_device":[],"id":true,"key_name":true,"metadata_options":true,"name_prefix":true,"root_block_device":true},"before_sensitive":false,"after_sensitive":{"ebs_block_device":[],"ephemeral_block_device":[],"metadata_options":[],"root_block_device":[]}}}],"configuration":{"provider_config":{"aws":{"name":"aws","full_name":"registry.terraform.io/hashicorp/aws","expressions":{"region":{"constant_value":"us-west-1"}}}},"root_module":{"resources":[{"address":"aws_autoscaling_group.my_asg","mode":"managed","type":"aws_autoscaling_group","name":"my_asg","provider_config_key":"aws","expressions":{"availability_zones":{"constant_value":["us-west-1a"]},"desired_capacity":{"constant_value":4},"force_delete":{"constant_value":true},"health_check_grace_period":{"constant_value":300},"health_check_type":{"constant_value":"ELB"},"launch_configuration":{"constant_value":"my_web_config"},"max_size":{"constant_value":5},"min_size":{"constant_value":1},"name":{"constant_value":"my_asg"}},"schema_version":0},{"address":"aws_instance.web","mode":"managed","type":"aws_instance","name":"web","provider_config_key":"aws","expressions":{"ami":{"constant_value":"ami-09b4b74c"},"instance_type":{"constant_value":"t2.micro"}},"schema_version":1},{"address":"aws_launch_configuration.my_web_config","mode":"managed","type":"aws_launch_configuration","name":"my_web_config","provider_config_key":"aws","expressions":{"image_id":{"constant_value":"ami-09b4b74c"},"instance_type":{"constant_value":"t2.micro"},"name":{"constant_value":"my_web_config"}},"schema_version":0}]}},"timestamp":"2023-06-28T17:26:38Z"}
