{"format_version":"1.2","terraform_version":"1.5.1","planned_values":{"root_module":{"resources":[{"address":"docker_container.nginx","mode":"managed","type":"docker_container","name":"nginx","provider_name":"registry.terraform.io/kreuzwerker/docker","schema_version":2,"values":{"attach":false,"capabilities":[],"container_read_refresh_timeout_milliseconds":15000,"cpu_set":null,"cpu_shares":null,"destroy_grace_seconds":null,"devices":[],"dns":null,"dns_opts":null,"dns_search":null,"domainname":null,"gpus":null,"group_add":null,"host":[],"links":null,"log_opts":null,"logs":false,"max_retry_count":null,"memory":null,"memory_swap":null,"mounts":[],"must_run":true,"name":"tutorial","network_alias":null,"network_mode":null,"networks":null,"networks_advanced":[],"pid_mode":null,"ports":[{"external":2224,"internal":80,"ip":"0.0.0.0","protocol":"tcp"}],"privileged":null,"publish_all_ports":null,"read_only":false,"remove_volumes":true,"restart":"no","rm":false,"start":true,"stdin_open":false,"storage_opts":null,"sysctls":null,"tmpfs":null,"tty":false,"ulimit":[],"upload":[],"user":null,"userns_mode":null,"volumes":[],"working_dir":null},"sensitive_values":{"capabilities":[],"command":[],"devices":[],"entrypoint":[],"env":[],"healthcheck":[],"host":[],"labels":[],"mounts":[],"network_data":[],"networks_advanced":[],"ports":[{}],"security_opts":[],"ulimit":[],"upload":[],"volumes":[]}},{"address":"docker_image.nginx","mode":"managed","type":"docker_image","name":"nginx","provider_name":"registry.terraform.io/kreuzwerker/docker","schema_version":0,"values":{"build":[],"force_remove":null,"keep_locally":true,"name":"nginx:1.19.6","pull_trigger":null,"pull_triggers":null,"triggers":null},"sensitive_values":{"build":[]}}]}},"resource_changes":[{"address":"docker_container.nginx","mode":"managed","type":"docker_container","name":"nginx","provider_name":"registry.terraform.io/kreuzwerker/docker","change":{"actions":["create"],"before":null,"after":{"attach":false,"capabilities":[],"container_read_refresh_timeout_milliseconds":15000,"cpu_set":null,"cpu_shares":null,"destroy_grace_seconds":null,"devices":[],"dns":null,"dns_opts":null,"dns_search":null,"domainname":null,"gpus":null,"group_add":null,"host":[],"links":null,"log_opts":null,"logs":false,"max_retry_count":null,"memory":null,"memory_swap":null,"mounts":[],"must_run":true,"name":"tutorial","network_alias":null,"network_mode":null,"networks":null,"networks_advanced":[],"pid_mode":null,"ports":[{"external":2224,"internal":80,"ip":"0.0.0.0","protocol":"tcp"}],"privileged":null,"publish_all_ports":null,"read_only":false,"remove_volumes":true,"restart":"no","rm":false,"start":true,"stdin_open":false,"storage_opts":null,"sysctls":null,"tmpfs":null,"tty":false,"ulimit":[],"upload":[],"user":null,"userns_mode":null,"volumes":[],"working_dir":null},"after_unknown":{"bridge":true,"capabilities":[],"command":true,"container_logs":true,"devices":[],"entrypoint":true,"env":true,"exit_code":true,"gateway":true,"healthcheck":true,"host":[],"hostname":true,"id":true,"image":true,"init":true,"ip_address":true,"ip_prefix_length":true,"ipc_mode":true,"labels":true,"log_driver":true,"mounts":[],"network_data":true,"networks_advanced":[],"ports":[{}],"runtime":true,"security_opts":true,"shm_size":true,"stop_signal":true,"stop_timeout":true,"ulimit":[],"upload":[],"volumes":[]},"before_sensitive":false,"after_sensitive":{"capabilities":[],"command":[],"devices":[],"entrypoint":[],"env":[],"healthcheck":[],"host":[],"labels":[],"mounts":[],"network_data":[],"networks_advanced":[],"ports":[{}],"security_opts":[],"ulimit":[],"upload":[],"volumes":[]}}},{"address":"docker_image.nginx","mode":"managed","type":"docker_image","name":"nginx","provider_name":"registry.terraform.io/kreuzwerker/docker","change":{"actions":["create"],"before":null,"after":{"build":[],"force_remove":null,"keep_locally":true,"name":"nginx:1.19.6","pull_trigger":null,"pull_triggers":null,"triggers":null},"after_unknown":{"build":[],"id":true,"image_id":true,"latest":true,"output":true,"repo_digest":true},"before_sensitive":false,"after_sensitive":{"build":[]}}}],"configuration":{"provider_config":{"docker":{"name":"docker","full_name":"registry.terraform.io/kreuzwerker/docker","version_constraint":"~\u003e 2.22.0"}},"root_module":{"resources":[{"address":"docker_container.nginx","mode":"managed","type":"docker_container","name":"nginx","provider_config_key":"docker","expressions":{"image":{"references":["docker_image.nginx.image_id","docker_image.nginx"]},"name":{"constant_value":"tutorial"},"ports":[{"external":{"constant_value":2224},"internal":{"constant_value":80}}]},"schema_version":2},{"address":"docker_image.nginx","mode":"managed","type":"docker_image","name":"nginx","provider_config_key":"docker","expressions":{"keep_locally":{"constant_value":true},"name":{"constant_value":"nginx:1.19.6"}},"schema_version":0}]}},"relevant_attributes":[{"resource":"docker_image.nginx","attribute":["image_id"]}],"timestamp":"2023-06-28T18:46:25Z"}
